
Microsoft Visual Studio Solution File, Format Version 12.00
# Visual Studio 15
VisualStudioVersion = 15.0.27703.2000
MinimumVisualStudioVersion = 10.0.40219.1
Project("{FAE04EC0-301F-11D3-BF4B-00C04F79EFBC}") = "Pirates", "Pirates\Pirates.csproj", "{10D38E8F-CA0E-4695-AF5A-9E9F90EDD24E}"
EndProject
Global
	GlobalSection(SolutionConfigurationPlatforms) = preSolution
		Debug|Any CPU = Debug|Any CPU
		Release|Any CPU = Release|Any CPU
	EndGlobalSection
	GlobalSection(ProjectConfigurationPlatforms) = postSolution
		{10D38E8F-CA0E-4695-AF5A-9E9F90EDD24E}.Debug|Any CPU.ActiveCfg = Debug|Any CPU
		{10D38E8F-CA0E-4695-AF5A-9E9F90EDD24E}.Debug|Any CPU.Build.0 = Debug|Any CPU
		{10D38E8F-CA0E-4695-AF5A-9E9F90EDD24E}.Release|Any CPU.ActiveCfg = Release|Any CPU
		{10D38E8F-CA0E-4695-AF5A-9E9F90EDD24E}.Release|Any CPU.Build.0 = Release|Any CPU
	EndGlobalSection
	GlobalSection(SolutionProperties) = preSolution
		HideSolutionNode = FALSE
	EndGlobalSection
	GlobalSection(ExtensibilityGlobals) = postSolution
		SolutionGuid = {775CA2D0-A0C4-4BE5-8F15-555708CE0749}
	EndGlobalSection
EndGlobal
