
Microsoft Visual Studio Solution File, Format Version 12.00
# Visual Studio 15
VisualStudioVersion = 15.0.27703.2000
MinimumVisualStudioVersion = 10.0.40219.1
Project("{FAE04EC0-301F-11D3-BF4B-00C04F79EFBC}") = "TakesLonger", "TakesLonger\TakesLonger.csproj", "{7A6A12ED-EBE8-43C1-960F-E2B33B519690}"
EndProject
Global
	GlobalSection(SolutionConfigurationPlatforms) = preSolution
		Debug|Any CPU = Debug|Any CPU
		Release|Any CPU = Release|Any CPU
	EndGlobalSection
	GlobalSection(ProjectConfigurationPlatforms) = postSolution
		{7A6A12ED-EBE8-43C1-960F-E2B33B519690}.Debug|Any CPU.ActiveCfg = Debug|Any CPU
		{7A6A12ED-EBE8-43C1-960F-E2B33B519690}.Debug|Any CPU.Build.0 = Debug|Any CPU
		{7A6A12ED-EBE8-43C1-960F-E2B33B519690}.Release|Any CPU.ActiveCfg = Release|Any CPU
		{7A6A12ED-EBE8-43C1-960F-E2B33B519690}.Release|Any CPU.Build.0 = Release|Any CPU
	EndGlobalSection
	GlobalSection(SolutionProperties) = preSolution
		HideSolutionNode = FALSE
	EndGlobalSection
	GlobalSection(ExtensibilityGlobals) = postSolution
		SolutionGuid = {15CF1622-32BA-48D4-821E-A73AB8E8F9B6}
	EndGlobalSection
EndGlobal
