
Microsoft Visual Studio Solution File, Format Version 12.00
# Visual Studio 15
VisualStudioVersion = 15.0.27703.2000
MinimumVisualStudioVersion = 10.0.40219.1
Project("{FAE04EC0-301F-11D3-BF4B-00C04F79EFBC}") = "06_BunniesAgain", "06_BunniesAgain\06_BunniesAgain.csproj", "{4F348DE8-E527-4002-ABBF-E26B6452E09E}"
EndProject
Global
	GlobalSection(SolutionConfigurationPlatforms) = preSolution
		Debug|Any CPU = Debug|Any CPU
		Release|Any CPU = Release|Any CPU
	EndGlobalSection
	GlobalSection(ProjectConfigurationPlatforms) = postSolution
		{4F348DE8-E527-4002-ABBF-E26B6452E09E}.Debug|Any CPU.ActiveCfg = Debug|Any CPU
		{4F348DE8-E527-4002-ABBF-E26B6452E09E}.Debug|Any CPU.Build.0 = Debug|Any CPU
		{4F348DE8-E527-4002-ABBF-E26B6452E09E}.Release|Any CPU.ActiveCfg = Release|Any CPU
		{4F348DE8-E527-4002-ABBF-E26B6452E09E}.Release|Any CPU.Build.0 = Release|Any CPU
	EndGlobalSection
	GlobalSection(SolutionProperties) = preSolution
		HideSolutionNode = FALSE
	EndGlobalSection
	GlobalSection(ExtensibilityGlobals) = postSolution
		SolutionGuid = {7C1EED05-F160-483E-A2FD-D38E9A5AADC9}
	EndGlobalSection
EndGlobal
