
Microsoft Visual Studio Solution File, Format Version 12.00
# Visual Studio 15
VisualStudioVersion = 15.0.27703.2000
MinimumVisualStudioVersion = 10.0.40219.1
Project("{FAE04EC0-301F-11D3-BF4B-00C04F79EFBC}") = "Excercise4", "Excercise4\Excercise4.csproj", "{DE2EEB77-1608-4214-98B8-7CA3A6C40FA6}"
EndProject
Global
	GlobalSection(SolutionConfigurationPlatforms) = preSolution
		Debug|Any CPU = Debug|Any CPU
		Release|Any CPU = Release|Any CPU
	EndGlobalSection
	GlobalSection(ProjectConfigurationPlatforms) = postSolution
		{DE2EEB77-1608-4214-98B8-7CA3A6C40FA6}.Debug|Any CPU.ActiveCfg = Debug|Any CPU
		{DE2EEB77-1608-4214-98B8-7CA3A6C40FA6}.Debug|Any CPU.Build.0 = Debug|Any CPU
		{DE2EEB77-1608-4214-98B8-7CA3A6C40FA6}.Release|Any CPU.ActiveCfg = Release|Any CPU
		{DE2EEB77-1608-4214-98B8-7CA3A6C40FA6}.Release|Any CPU.Build.0 = Release|Any CPU
	EndGlobalSection
	GlobalSection(SolutionProperties) = preSolution
		HideSolutionNode = FALSE
	EndGlobalSection
	GlobalSection(ExtensibilityGlobals) = postSolution
		SolutionGuid = {50EED2ED-AD00-47DF-A038-C89481B2EFC9}
	EndGlobalSection
EndGlobal
