
Microsoft Visual Studio Solution File, Format Version 12.00
# Visual Studio 15
VisualStudioVersion = 15.0.27703.2000
MinimumVisualStudioVersion = 10.0.40219.1
Project("{FAE04EC0-301F-11D3-BF4B-00C04F79EFBC}") = "GreenFox1", "GreenFox1\GreenFox1.csproj", "{386856EF-962F-4AE8-A169-5CDC8DC27679}"
EndProject
Global
	GlobalSection(SolutionConfigurationPlatforms) = preSolution
		Debug|Any CPU = Debug|Any CPU
		Release|Any CPU = Release|Any CPU
	EndGlobalSection
	GlobalSection(ProjectConfigurationPlatforms) = postSolution
		{386856EF-962F-4AE8-A169-5CDC8DC27679}.Debug|Any CPU.ActiveCfg = Debug|Any CPU
		{386856EF-962F-4AE8-A169-5CDC8DC27679}.Debug|Any CPU.Build.0 = Debug|Any CPU
		{386856EF-962F-4AE8-A169-5CDC8DC27679}.Release|Any CPU.ActiveCfg = Release|Any CPU
		{386856EF-962F-4AE8-A169-5CDC8DC27679}.Release|Any CPU.Build.0 = Release|Any CPU
	EndGlobalSection
	GlobalSection(SolutionProperties) = preSolution
		HideSolutionNode = FALSE
	EndGlobalSection
	GlobalSection(ExtensibilityGlobals) = postSolution
		SolutionGuid = {18574A0C-CC29-415D-B9ED-A411D8CDACA6}
	EndGlobalSection
EndGlobal
