
Microsoft Visual Studio Solution File, Format Version 12.00
# Visual Studio 15
VisualStudioVersion = 15.0.27703.2000
MinimumVisualStudioVersion = 10.0.40219.1
Project("{FAE04EC0-301F-11D3-BF4B-00C04F79EFBC}") = "ChangeElement", "ChangeElement\ChangeElement.csproj", "{3416BB9E-966D-4106-9138-0922DBD4997F}"
EndProject
Global
	GlobalSection(SolutionConfigurationPlatforms) = preSolution
		Debug|Any CPU = Debug|Any CPU
		Release|Any CPU = Release|Any CPU
	EndGlobalSection
	GlobalSection(ProjectConfigurationPlatforms) = postSolution
		{3416BB9E-966D-4106-9138-0922DBD4997F}.Debug|Any CPU.ActiveCfg = Debug|Any CPU
		{3416BB9E-966D-4106-9138-0922DBD4997F}.Debug|Any CPU.Build.0 = Debug|Any CPU
		{3416BB9E-966D-4106-9138-0922DBD4997F}.Release|Any CPU.ActiveCfg = Release|Any CPU
		{3416BB9E-966D-4106-9138-0922DBD4997F}.Release|Any CPU.Build.0 = Release|Any CPU
	EndGlobalSection
	GlobalSection(SolutionProperties) = preSolution
		HideSolutionNode = FALSE
	EndGlobalSection
	GlobalSection(ExtensibilityGlobals) = postSolution
		SolutionGuid = {50A3329D-7B2C-480F-A5D5-58F1ED8BFE9D}
	EndGlobalSection
EndGlobal
