
Microsoft Visual Studio Solution File, Format Version 12.00
# Visual Studio 15
VisualStudioVersion = 15.0.27703.2000
MinimumVisualStudioVersion = 10.0.40219.1
Project("{FAE04EC0-301F-11D3-BF4B-00C04F79EFBC}") = "HelloME", "HelloME\HelloME.csproj", "{52DC11BB-48FF-4E1E-BEC0-2BD47078A881}"
EndProject
Global
	GlobalSection(SolutionConfigurationPlatforms) = preSolution
		Debug|Any CPU = Debug|Any CPU
		Release|Any CPU = Release|Any CPU
	EndGlobalSection
	GlobalSection(ProjectConfigurationPlatforms) = postSolution
		{52DC11BB-48FF-4E1E-BEC0-2BD47078A881}.Debug|Any CPU.ActiveCfg = Debug|Any CPU
		{52DC11BB-48FF-4E1E-BEC0-2BD47078A881}.Debug|Any CPU.Build.0 = Debug|Any CPU
		{52DC11BB-48FF-4E1E-BEC0-2BD47078A881}.Release|Any CPU.ActiveCfg = Release|Any CPU
		{52DC11BB-48FF-4E1E-BEC0-2BD47078A881}.Release|Any CPU.Build.0 = Release|Any CPU
	EndGlobalSection
	GlobalSection(SolutionProperties) = preSolution
		HideSolutionNode = FALSE
	EndGlobalSection
	GlobalSection(ExtensibilityGlobals) = postSolution
		SolutionGuid = {0A4436F9-1D5F-4D1A-AD29-7DC88F65F46D}
	EndGlobalSection
EndGlobal
