
Microsoft Visual Studio Solution File, Format Version 12.00
# Visual Studio 15
VisualStudioVersion = 15.0.27703.2000
MinimumVisualStudioVersion = 10.0.40219.1
Project("{FAE04EC0-301F-11D3-BF4B-00C04F79EFBC}") = "Counter", "Counter\Counter.csproj", "{DBCEE1FC-042C-4667-BBC0-AC437924DE22}"
EndProject
Global
	GlobalSection(SolutionConfigurationPlatforms) = preSolution
		Debug|Any CPU = Debug|Any CPU
		Release|Any CPU = Release|Any CPU
	EndGlobalSection
	GlobalSection(ProjectConfigurationPlatforms) = postSolution
		{DBCEE1FC-042C-4667-BBC0-AC437924DE22}.Debug|Any CPU.ActiveCfg = Debug|Any CPU
		{DBCEE1FC-042C-4667-BBC0-AC437924DE22}.Debug|Any CPU.Build.0 = Debug|Any CPU
		{DBCEE1FC-042C-4667-BBC0-AC437924DE22}.Release|Any CPU.ActiveCfg = Release|Any CPU
		{DBCEE1FC-042C-4667-BBC0-AC437924DE22}.Release|Any CPU.Build.0 = Release|Any CPU
	EndGlobalSection
	GlobalSection(SolutionProperties) = preSolution
		HideSolutionNode = FALSE
	EndGlobalSection
	GlobalSection(ExtensibilityGlobals) = postSolution
		SolutionGuid = {CE96861F-D646-48B2-8F6E-60F3C312FC27}
	EndGlobalSection
EndGlobal
