
Microsoft Visual Studio Solution File, Format Version 12.00
# Visual Studio 15
VisualStudioVersion = 15.0.27703.2000
MinimumVisualStudioVersion = 10.0.40219.1
Project("{FAE04EC0-301F-11D3-BF4B-00C04F79EFBC}") = "Calculator", "Calculator\Calculator.csproj", "{6152AEE1-F4F9-4A51-A9FD-BEF41C3526DF}"
EndProject
Global
	GlobalSection(SolutionConfigurationPlatforms) = preSolution
		Debug|Any CPU = Debug|Any CPU
		Release|Any CPU = Release|Any CPU
	EndGlobalSection
	GlobalSection(ProjectConfigurationPlatforms) = postSolution
		{6152AEE1-F4F9-4A51-A9FD-BEF41C3526DF}.Debug|Any CPU.ActiveCfg = Debug|Any CPU
		{6152AEE1-F4F9-4A51-A9FD-BEF41C3526DF}.Debug|Any CPU.Build.0 = Debug|Any CPU
		{6152AEE1-F4F9-4A51-A9FD-BEF41C3526DF}.Release|Any CPU.ActiveCfg = Release|Any CPU
		{6152AEE1-F4F9-4A51-A9FD-BEF41C3526DF}.Release|Any CPU.Build.0 = Release|Any CPU
	EndGlobalSection
	GlobalSection(SolutionProperties) = preSolution
		HideSolutionNode = FALSE
	EndGlobalSection
	GlobalSection(ExtensibilityGlobals) = postSolution
		SolutionGuid = {0D346BE1-752B-4297-B55B-18DF9B0C5556}
	EndGlobalSection
EndGlobal
