
Microsoft Visual Studio Solution File, Format Version 12.00
# Visual Studio 15
VisualStudioVersion = 15.0.27703.2000
MinimumVisualStudioVersion = 10.0.40219.1
Project("{FAE04EC0-301F-11D3-BF4B-00C04F79EFBC}") = "Doubling", "Doubling\Doubling.csproj", "{839FCD57-B48E-4BDC-847C-19398DEA3016}"
EndProject
Global
	GlobalSection(SolutionConfigurationPlatforms) = preSolution
		Debug|Any CPU = Debug|Any CPU
		Release|Any CPU = Release|Any CPU
	EndGlobalSection
	GlobalSection(ProjectConfigurationPlatforms) = postSolution
		{839FCD57-B48E-4BDC-847C-19398DEA3016}.Debug|Any CPU.ActiveCfg = Debug|Any CPU
		{839FCD57-B48E-4BDC-847C-19398DEA3016}.Debug|Any CPU.Build.0 = Debug|Any CPU
		{839FCD57-B48E-4BDC-847C-19398DEA3016}.Release|Any CPU.ActiveCfg = Release|Any CPU
		{839FCD57-B48E-4BDC-847C-19398DEA3016}.Release|Any CPU.Build.0 = Release|Any CPU
	EndGlobalSection
	GlobalSection(SolutionProperties) = preSolution
		HideSolutionNode = FALSE
	EndGlobalSection
	GlobalSection(ExtensibilityGlobals) = postSolution
		SolutionGuid = {C8C05482-0F34-4594-BD8D-244022388509}
	EndGlobalSection
EndGlobal
